
Microsoft Visual Studio Solution File, Format Version 12.00
# Visual Studio Version 17
VisualStudioVersion = 17.7.34202.233
MinimumVisualStudioVersion = 10.0.40219.1
Project("{FAE04EC0-301F-11D3-BF4B-00C04F79EFBC}") = "AuctionApp", "AuctionApp\AuctionApp.csproj", "{21296CD5-8FD1-4F0C-B3D6-68BCD2E758A1}"
EndProject
Global
	GlobalSection(SolutionConfigurationPlatforms) = preSolution
		Debug|Any CPU = Debug|Any CPU
		Release|Any CPU = Release|Any CPU
	EndGlobalSection
	GlobalSection(ProjectConfigurationPlatforms) = postSolution
		{21296CD5-8FD1-4F0C-B3D6-68BCD2E758A1}.Debug|Any CPU.ActiveCfg = Debug|Any CPU
		{21296CD5-8FD1-4F0C-B3D6-68BCD2E758A1}.Debug|Any CPU.Build.0 = Debug|Any CPU
		{21296CD5-8FD1-4F0C-B3D6-68BCD2E758A1}.Release|Any CPU.ActiveCfg = Release|Any CPU
		{21296CD5-8FD1-4F0C-B3D6-68BCD2E758A1}.Release|Any CPU.Build.0 = Release|Any CPU
	EndGlobalSection
	GlobalSection(SolutionProperties) = preSolution
		HideSolutionNode = FALSE
	EndGlobalSection
	GlobalSection(ExtensibilityGlobals) = postSolution
		SolutionGuid = {0D55548E-99A6-406A-8B7D-48040782E0D5}
	EndGlobalSection
EndGlobal
